// !$*UTF8*$!
{
	archiveVersion = 1;
	classes = {
	};
	objectVersion = 50;
	objects = {

/* Begin PBXBuildFile section */
		3704FB0D259B2ABF00F71F8F /* DetailViewController.swift in Sources */ = {isa = PBXBuildFile; fileRef = 3704FB0C259B2ABF00F71F8F /* DetailViewController.swift */; };
		3724EA1F25A165DE000EE24D /* ImageStore.swift in Sources */ = {isa = PBXBuildFile; fileRef = 3724EA1E25A165DE000EE24D /* ImageStore.swift */; };
		3726205D2596A2A500DE2653 /* AppDelegate.swift in Sources */ = {isa = PBXBuildFile; fileRef = 3726205C2596A2A500DE2653 /* AppDelegate.swift */; };
		3726205F2596A2A500DE2653 /* SceneDelegate.swift in Sources */ = {isa = PBXBuildFile; fileRef = 3726205E2596A2A500DE2653 /* SceneDelegate.swift */; };
		372620642596A2A500DE2653 /* Main.storyboard in Resources */ = {isa = PBXBuildFile; fileRef = 372620622596A2A500DE2653 /* Main.storyboard */; };
		372620662596A2A600DE2653 /* Assets.xcassets in Resources */ = {isa = PBXBuildFile; fileRef = 372620652596A2A600DE2653 /* Assets.xcassets */; };
		372620692596A2A600DE2653 /* LaunchScreen.storyboard in Resources */ = {isa = PBXBuildFile; fileRef = 372620672596A2A600DE2653 /* LaunchScreen.storyboard */; };
		372620722596A5DF00DE2653 /* ItemsViewController.swift in Sources */ = {isa = PBXBuildFile; fileRef = 372620712596A5DF00DE2653 /* ItemsViewController.swift */; };
		372620782597A69700DE2653 /* Item.swift in Sources */ = {isa = PBXBuildFile; fileRef = 372620772597A69700DE2653 /* Item.swift */; };
		3726207B2597ABE000DE2653 /* ItemStore.swift in Sources */ = {isa = PBXBuildFile; fileRef = 3726207A2597ABE000DE2653 /* ItemStore.swift */; };
		37B4C92C259B133B0002FC46 /* ItemCell.swift in Sources */ = {isa = PBXBuildFile; fileRef = 37B4C92B259B133B0002FC46 /* ItemCell.swift */; };
/* End PBXBuildFile section */

/* Begin PBXFileReference section */
		3704FB0C259B2ABF00F71F8F /* DetailViewController.swift */ = {isa = PBXFileReference; lastKnownFileType = sourcecode.swift; path = DetailViewController.swift; sourceTree = "<group>"; };
		3724EA1E25A165DE000EE24D /* ImageStore.swift */ = {isa = PBXFileReference; lastKnownFileType = sourcecode.swift; path = ImageStore.swift; sourceTree = "<group>"; };
		372620592596A2A500DE2653 /* LootLogger.app */ = {isa = PBXFileReference; explicitFileType = wrapper.application; includeInIndex = 0; path = LootLogger.app; sourceTree = BUILT_PRODUCTS_DIR; };
		3726205C2596A2A500DE2653 /* AppDelegate.swift */ = {isa = PBXFileReference; lastKnownFileType = sourcecode.swift; path = AppDelegate.swift; sourceTree = "<group>"; };
		3726205E2596A2A500DE2653 /* SceneDelegate.swift */ = {isa = PBXFileReference; lastKnownFileType = sourcecode.swift; path = SceneDelegate.swift; sourceTree = "<group>"; };
		372620632596A2A500DE2653 /* Base */ = {isa = PBXFileReference; lastKnownFileType = file.storyboard; name = Base; path = Base.lproj/Main.storyboard; sourceTree = "<group>"; };
		372620652596A2A600DE2653 /* Assets.xcassets */ = {isa = PBXFileReference; lastKnownFileType = folder.assetcatalog; path = Assets.xcassets; sourceTree = "<group>"; };
		372620682596A2A600DE2653 /* Base */ = {isa = PBXFileReference; lastKnownFileType = file.storyboard; name = Base; path = Base.lproj/LaunchScreen.storyboard; sourceTree = "<group>"; };
		3726206A2596A2A600DE2653 /* Info.plist */ = {isa = PBXFileReference; lastKnownFileType = text.plist.xml; path = Info.plist; sourceTree = "<group>"; };
		372620712596A5DF00DE2653 /* ItemsViewController.swift */ = {isa = PBXFileReference; lastKnownFileType = sourcecode.swift; path = ItemsViewController.swift; sourceTree = "<group>"; };
		372620772597A69700DE2653 /* Item.swift */ = {isa = PBXFileReference; lastKnownFileType = sourcecode.swift; path = Item.swift; sourceTree = "<group>"; };
		3726207A2597ABE000DE2653 /* ItemStore.swift */ = {isa = PBXFileReference; lastKnownFileType = sourcecode.swift; path = ItemStore.swift; sourceTree = "<group>"; };
		37B4C92B259B133B0002FC46 /* ItemCell.swift */ = {isa = PBXFileReference; lastKnownFileType = sourcecode.swift; path = ItemCell.swift; sourceTree = "<group>"; };
/* End PBXFileReference section */

/* Begin PBXFrameworksBuildPhase section */
		372620562596A2A500DE2653 /* Frameworks */ = {
			isa = PBXFrameworksBuildPhase;
			buildActionMask = 2147483647;
			files = (
			);
			runOnlyForDeploymentPostprocessing = 0;
		};
/* End PBXFrameworksBuildPhase section */

/* Begin PBXGroup section */
		372620502596A2A500DE2653 = {
			isa = PBXGroup;
			children = (
				3726205B2596A2A500DE2653 /* LootLogger */,
				3726205A2596A2A500DE2653 /* Products */,
			);
			sourceTree = "<group>";
		};
		3726205A2596A2A500DE2653 /* Products */ = {
			isa = PBXGroup;
			children = (
				372620592596A2A500DE2653 /* LootLogger.app */,
			);
			name = Products;
			sourceTree = "<group>";
		};
		3726205B2596A2A500DE2653 /* LootLogger */ = {
			isa = PBXGroup;
			children = (
				372620712596A5DF00DE2653 /* ItemsViewController.swift */,
				37B4C92B259B133B0002FC46 /* ItemCell.swift */,
				3726205C2596A2A500DE2653 /* AppDelegate.swift */,
				3726205E2596A2A500DE2653 /* SceneDelegate.swift */,
				372620622596A2A500DE2653 /* Main.storyboard */,
				3724EA1E25A165DE000EE24D /* ImageStore.swift */,
				3704FB0C259B2ABF00F71F8F /* DetailViewController.swift */,
				372620772597A69700DE2653 /* Item.swift */,
				3726207A2597ABE000DE2653 /* ItemStore.swift */,
				372620652596A2A600DE2653 /* Assets.xcassets */,
				372620672596A2A600DE2653 /* LaunchScreen.storyboard */,
				3726206A2596A2A600DE2653 /* Info.plist */,
			);
			path = LootLogger;
			sourceTree = "<group>";
		};
/* End PBXGroup section */

/* Begin PBXNativeTarget section */
		372620582596A2A500DE2653 /* LootLogger */ = {
			isa = PBXNativeTarget;
			buildConfigurationList = 3726206D2596A2A600DE2653 /* Build configuration list for PBXNativeTarget "LootLogger" */;
			buildPhases = (
				372620552596A2A500DE2653 /* Sources */,
				372620562596A2A500DE2653 /* Frameworks */,
				372620572596A2A500DE2653 /* Resources */,
			);
			buildRules = (
			);
			dependencies = (
			);
			name = LootLogger;
			productName = LootLogger;
			productReference = 372620592596A2A500DE2653 /* LootLogger.app */;
			productType = "com.apple.product-type.application";
		};
/* End PBXNativeTarget section */

/* Begin PBXProject section */
		372620512596A2A500DE2653 /* Project object */ = {
			isa = PBXProject;
			attributes = {
				LastSwiftUpdateCheck = 1210;
				LastUpgradeCheck = 1210;
				TargetAttributes = {
					372620582596A2A500DE2653 = {
						CreatedOnToolsVersion = 12.1;
					};
				};
			};
			buildConfigurationList = 372620542596A2A500DE2653 /* Build configuration list for PBXProject "LootLogger" */;
			compatibilityVersion = "Xcode 9.3";
			developmentRegion = en;
			hasScannedForEncodings = 0;
			knownRegions = (
				en,
				Base,
			);
			mainGroup = 372620502596A2A500DE2653;
			productRefGroup = 3726205A2596A2A500DE2653 /* Products */;
			projectDirPath = "";
			projectRoot = "";
			targets = (
				372620582596A2A500DE2653 /* LootLogger */,
			);
		};
/* End PBXProject section */

/* Begin PBXResourcesBuildPhase section */
		372620572596A2A500DE2653 /* Resources */ = {
			isa = PBXResourcesBuildPhase;
			buildActionMask = 2147483647;
			files = (
				372620692596A2A600DE2653 /* LaunchScreen.storyboard in Resources */,
				372620662596A2A600DE2653 /* Assets.xcassets in Resources */,
				372620642596A2A500DE2653 /* Main.storyboard in Resources */,
			);
			runOnlyForDeploymentPostprocessing = 0;
		};
/* End PBXResourcesBuildPhase section */

/* Begin PBXSourcesBuildPhase section */
		372620552596A2A500DE2653 /* Sources */ = {
			isa = PBXSourcesBuildPhase;
			buildActionMask = 2147483647;
			files = (
				372620782597A69700DE2653 /* Item.swift in Sources */,
				372620722596A5DF00DE2653 /* ItemsViewController.swift in Sources */,
				37B4C92C259B133B0002FC46 /* ItemCell.swift in Sources */,
				3724EA1F25A165DE000EE24D /* ImageStore.swift in Sources */,
				3726205D2596A2A500DE2653 /* AppDelegate.swift in Sources */,
				3726207B2597ABE000DE2653 /* ItemStore.swift in Sources */,
				3726205F2596A2A500DE2653 /* SceneDelegate.swift in Sources */,
				3704FB0D259B2ABF00F71F8F /* DetailViewController.swift in Sources */,
			);
			runOnlyForDeploymentPostprocessing = 0;
		};
/* End PBXSourcesBuildPhase section */

/* Begin PBXVariantGroup section */
		372620622596A2A500DE2653 /* Main.storyboard */ = {
			isa = PBXVariantGroup;
			children = (
				372620632596A2A500DE2653 /* Base */,
			);
			name = Main.storyboard;
			sourceTree = "<group>";
		};
		372620672596A2A600DE2653 /* LaunchScreen.storyboard */ = {
			isa = PBXVariantGroup;
			children = (
				372620682596A2A600DE2653 /* Base */,
			);
			name = LaunchScreen.storyboard;
			sourceTree = "<group>";
		};
/* End PBXVariantGroup section */

/* Begin XCBuildConfiguration section */
		3726206B2596A2A600DE2653 /* Debug */ = {
			isa = XCBuildConfiguration;
			buildSettings = {
				ALWAYS_SEARCH_USER_PATHS = NO;
				CLANG_ANALYZER_NONNULL = YES;
				CLANG_ANALYZER_NUMBER_OBJECT_CONVERSION = YES_AGGRESSIVE;
				CLANG_CXX_LANGUAGE_STANDARD = "gnu++14";
				CLANG_CXX_LIBRARY = "libc++";
				CLANG_ENABLE_MODULES = YES;
				CLANG_ENABLE_OBJC_ARC = YES;
				CLANG_ENABLE_OBJC_WEAK = YES;
				CLANG_WARN_BLOCK_CAPTURE_AUTORELEASING = YES;
				CLANG_WARN_BOOL_CONVERSION = YES;
				CLANG_WARN_COMMA = YES;
				CLANG_WARN_CONSTANT_CONVERSION = YES;
				CLANG_WARN_DEPRECATED_OBJC_IMPLEMENTATIONS = YES;
				CLANG_WARN_DIRECT_OBJC_ISA_USAGE = YES_ERROR;
				CLANG_WARN_DOCUMENTATION_COMMENTS = YES;
				CLANG_WARN_EMPTY_BODY = YES;
				CLANG_WARN_ENUM_CONVERSION = YES;
				CLANG_WARN_INFINITE_RECURSION = YES;
				CLANG_WARN_INT_CONVERSION = YES;
				CLANG_WARN_NON_LITERAL_NULL_CONVERSION = YES;
				CLANG_WARN_OBJC_IMPLICIT_RETAIN_SELF = YES;
				CLANG_WARN_OBJC_LITERAL_CONVERSION = YES;
				CLANG_WARN_OBJC_ROOT_CLASS = YES_ERROR;
				CLANG_WARN_QUOTED_INCLUDE_IN_FRAMEWORK_HEADER = YES;
				CLANG_WARN_RANGE_LOOP_ANALYSIS = YES;
				CLANG_WARN_STRICT_PROTOTYPES = YES;
				CLANG_WARN_SUSPICIOUS_MOVE = YES;
				CLANG_WARN_UNGUARDED_AVAILABILITY = YES_AGGRESSIVE;
				CLANG_WARN_UNREACHABLE_CODE = YES;
				CLANG_WARN__DUPLICATE_METHOD_MATCH = YES;
				COPY_PHASE_STRIP = NO;
				DEBUG_INFORMATION_FORMAT = dwarf;
				ENABLE_STRICT_OBJC_MSGSEND = YES;
				ENABLE_TESTABILITY = YES;
				GCC_C_LANGUAGE_STANDARD = gnu11;
				GCC_DYNAMIC_NO_PIC = NO;
				GCC_NO_COMMON_BLOCKS = YES;
				GCC_OPTIMIZATION_LEVEL = 0;
				GCC_PREPROCESSOR_DEFINITIONS = (
					"DEBUG=1",
					"$(inherited)",
				);
				GCC_WARN_64_TO_32_BIT_CONVERSION = YES;
				GCC_WARN_ABOUT_RETURN_TYPE = YES_ERROR;
				GCC_WARN_UNDECLARED_SELECTOR = YES;
				GCC_WARN_UNINITIALIZED_AUTOS = YES_AGGRESSIVE;
				GCC_WARN_UNUSED_FUNCTION = YES;
				GCC_WARN_UNUSED_VARIABLE = YES;
				IPHONEOS_DEPLOYMENT_TARGET = 14.1;
				MTL_ENABLE_DEBUG_INFO = INCLUDE_SOURCE;
				MTL_FAST_MATH = YES;
				ONLY_ACTIVE_ARCH = YES;
				SDKROOT = iphoneos;
				SWIFT_ACTIVE_COMPILATION_CONDITIONS = DEBUG;
				SWIFT_OPTIMIZATION_LEVEL = "-Onone";
			};
			name = Debug;
		};
		3726206C2596A2A600DE2653 /* Release */ = {
			isa = XCBuildConfiguration;
			buildSettings = {
				ALWAYS_SEARCH_USER_PATHS = NO;
				CLANG_ANALYZER_NONNULL = YES;
				CLANG_ANALYZER_NUMBER_OBJECT_CONVERSION = YES_AGGRESSIVE;
				CLANG_CXX_LANGUAGE_STANDARD = "gnu++14";
				CLANG_CXX_LIBRARY = "libc++";
				CLANG_ENABLE_MODULES = YES;
				CLANG_ENABLE_OBJC_ARC = YES;
				CLANG_ENABLE_OBJC_WEAK = YES;
				CLANG_WARN_BLOCK_CAPTURE_AUTORELEASING = YES;
				CLANG_WARN_BOOL_CONVERSION = YES;
				CLANG_WARN_COMMA = YES;
				CLANG_WARN_CONSTANT_CONVERSION = YES;
				CLANG_WARN_DEPRECATED_OBJC_IMPLEMENTATIONS = YES;
				CLANG_WARN_DIRECT_OBJC_ISA_USAGE = YES_ERROR;
				CLANG_WARN_DOCUMENTATION_COMMENTS = YES;
				CLANG_WARN_EMPTY_BODY = YES;
				CLANG_WARN_ENUM_CONVERSION = YES;
				CLANG_WARN_INFINITE_RECURSION = YES;
				CLANG_WARN_INT_CONVERSION = YES;
				CLANG_WARN_NON_LITERAL_NULL_CONVERSION = YES;
				CLANG_WARN_OBJC_IMPLICIT_RETAIN_SELF = YES;
				CLANG_WARN_OBJC_LITERAL_CONVERSION = YES;
				CLANG_WARN_OBJC_ROOT_CLASS = YES_ERROR;
				CLANG_WARN_QUOTED_INCLUDE_IN_FRAMEWORK_HEADER = YES;
				CLANG_WARN_RANGE_LOOP_ANALYSIS = YES;
				CLANG_WARN_STRICT_PROTOTYPES = YES;
				CLANG_WARN_SUSPICIOUS_MOVE = YES;
				CLANG_WARN_UNGUARDED_AVAILABILITY = YES_AGGRESSIVE;
				CLANG_WARN_UNREACHABLE_CODE = YES;
				CLANG_WARN__DUPLICATE_METHOD_MATCH = YES;
				COPY_PHASE_STRIP = NO;
				DEBUG_INFORMATION_FORMAT = "dwarf-with-dsym";
				ENABLE_NS_ASSERTIONS = NO;
				ENABLE_STRICT_OBJC_MSGSEND = YES;
				GCC_C_LANGUAGE_STANDARD = gnu11;
				GCC_NO_COMMON_BLOCKS = YES;
				GCC_WARN_64_TO_32_BIT_CONVERSION = YES;
				GCC_WARN_ABOUT_RETURN_TYPE = YES_ERROR;
				GCC_WARN_UNDECLARED_SELECTOR = YES;
				GCC_WARN_UNINITIALIZED_AUTOS = YES_AGGRESSIVE;
				GCC_WARN_UNUSED_FUNCTION = YES;
				GCC_WARN_UNUSED_VARIABLE = YES;
				IPHONEOS_DEPLOYMENT_TARGET = 14.1;
				MTL_ENABLE_DEBUG_INFO = NO;
				MTL_FAST_MATH = YES;
				SDKROOT = iphoneos;
				SWIFT_COMPILATION_MODE = wholemodule;
				SWIFT_OPTIMIZATION_LEVEL = "-O";
				VALIDATE_PRODUCT = YES;
			};
			name = Release;
		};
		3726206E2596A2A600DE2653 /* Debug */ = {
			isa = XCBuildConfiguration;
			buildSettings = {
				ASSETCATALOG_COMPILER_APPICON_NAME = AppIcon;
				ASSETCATALOG_COMPILER_GLOBAL_ACCENT_COLOR_NAME = AccentColor;
				CODE_SIGN_STYLE = Automatic;
				DEVELOPMENT_TEAM = 8KKT8ZPVV3;
				INFOPLIST_FILE = LootLogger/Info.plist;
				LD_RUNPATH_SEARCH_PATHS = (
					"$(inherited)",
					"@executable_path/Frameworks",
				);
				PRODUCT_BUNDLE_IDENTIFIER = com.LootLogger.LootLogger;
				PRODUCT_NAME = "$(TARGET_NAME)";
				SWIFT_VERSION = 5.0;
				TARGETED_DEVICE_FAMILY = "1,2";
			};
			name = Debug;
		};
		3726206F2596A2A600DE2653 /* Release */ = {
			isa = XCBuildConfiguration;
			buildSettings = {
				ASSETCATALOG_COMPILER_APPICON_NAME = AppIcon;
				ASSETCATALOG_COMPILER_GLOBAL_ACCENT_COLOR_NAME = AccentColor;
				CODE_SIGN_STYLE = Automatic;
				DEVELOPMENT_TEAM = 8KKT8ZPVV3;
				INFOPLIST_FILE = LootLogger/Info.plist;
				LD_RUNPATH_SEARCH_PATHS = (
					"$(inherited)",
					"@executable_path/Frameworks",
				);
				PRODUCT_BUNDLE_IDENTIFIER = com.LootLogger.LootLogger;
				PRODUCT_NAME = "$(TARGET_NAME)";
				SWIFT_VERSION = 5.0;
				TARGETED_DEVICE_FAMILY = "1,2";
			};
			name = Release;
		};
/* End XCBuildConfiguration section */

/* Begin XCConfigurationList section */
		372620542596A2A500DE2653 /* Build configuration list for PBXProject "LootLogger" */ = {
			isa = XCConfigurationList;
			buildConfigurations = (
				3726206B2596A2A600DE2653 /* Debug */,
				3726206C2596A2A600DE2653 /* Release */,
			);
			defaultConfigurationIsVisible = 0;
			defaultConfigurationName = Release;
		};
		3726206D2596A2A600DE2653 /* Build configuration list for PBXNativeTarget "LootLogger" */ = {
			isa = XCConfigurationList;
			buildConfigurations = (
				3726206E2596A2A600DE2653 /* Debug */,
				3726206F2596A2A600DE2653 /* Release */,
			);
			defaultConfigurationIsVisible = 0;
			defaultConfigurationName = Release;
		};
/* End XCConfigurationList section */
	};
	rootObject = 372620512596A2A500DE2653 /* Project object */;
}
